
Microsoft Visual Studio Solution File, Format Version 11.00
# Visual Studio 2010
Project("{8BC9CEB8-8B4A-11D0-8D11-00A0C91BC942}") = "luahello", "luahello\luahello.vcxproj", "{77CB27D2-8CCA-4957-BCF5-6A93E6A75AB6}"
EndProject
Global
	GlobalSection(SolutionConfigurationPlatforms) = preSolution
		Debug|Win32 = Debug|Win32
		Release|Win32 = Release|Win32
	EndGlobalSection
	GlobalSection(ProjectConfigurationPlatforms) = postSolution
		{77CB27D2-8CCA-4957-BCF5-6A93E6A75AB6}.Debug|Win32.ActiveCfg = Debug|Win32
		{77CB27D2-8CCA-4957-BCF5-6A93E6A75AB6}.Debug|Win32.Build.0 = Debug|Win32
		{77CB27D2-8CCA-4957-BCF5-6A93E6A75AB6}.Release|Win32.ActiveCfg = Release|Win32
		{77CB27D2-8CCA-4957-BCF5-6A93E6A75AB6}.Release|Win32.Build.0 = Release|Win32
	EndGlobalSection
	GlobalSection(SolutionProperties) = preSolution
		HideSolutionNode = FALSE
	EndGlobalSection
EndGlobal
